// !$*UTF8*$!
{
	archiveVersion = 1;
	classes = {
	};
	objectVersion = 46;
	objects = {

/* Begin PBXBuildFile section */
		D824A6E91BCEBF7300250B61 /* NSDate+Elapsed.swift in Sources */ = {isa = PBXBuildFile; fileRef = D824A6E01BCEBF7300250B61 /* NSDate+Elapsed.swift */; settings = {ASSET_TAGS = (); }; };
		D824A6EA1BCEBF7300250B61 /* NSDate+JSON.swift in Sources */ = {isa = PBXBuildFile; fileRef = D824A6E11BCEBF7300250B61 /* NSDate+JSON.swift */; settings = {ASSET_TAGS = (); }; };
		D824A6EB1BCEBF7300250B61 /* NSDate+Locale.swift in Sources */ = {isa = PBXBuildFile; fileRef = D824A6E21BCEBF7300250B61 /* NSDate+Locale.swift */; settings = {ASSET_TAGS = (); }; };
		D824A6EC1BCEBF7300250B61 /* UIColor+Hex.swift in Sources */ = {isa = PBXBuildFile; fileRef = D824A6E41BCEBF7300250B61 /* UIColor+Hex.swift */; settings = {ASSET_TAGS = (); }; };
		D824A6ED1BCEBF7300250B61 /* UIFont+Extension.swift in Sources */ = {isa = PBXBuildFile; fileRef = D824A6E51BCEBF7300250B61 /* UIFont+Extension.swift */; settings = {ASSET_TAGS = (); }; };
		D824A6EE1BCEBF7300250B61 /* UIImage+Color.swift in Sources */ = {isa = PBXBuildFile; fileRef = D824A6E61BCEBF7300250B61 /* UIImage+Color.swift */; settings = {ASSET_TAGS = (); }; };
		D824A6EF1BCEBF7300250B61 /* UIImage+Resize.swift in Sources */ = {isa = PBXBuildFile; fileRef = D824A6E71BCEBF7300250B61 /* UIImage+Resize.swift */; settings = {ASSET_TAGS = (); }; };
		D824A6F01BCEBF7300250B61 /* UIView+SnapShot.swift in Sources */ = {isa = PBXBuildFile; fileRef = D824A6E81BCEBF7300250B61 /* UIView+SnapShot.swift */; settings = {ASSET_TAGS = (); }; };
		D86414AA196A1F980035287B /* puppy-running.png in Resources */ = {isa = PBXBuildFile; fileRef = D86414A9196A1F980035287B /* puppy-running.png */; };
		D8AE872B1950B86A00FE0AB6 /* AppDelegate.swift in Sources */ = {isa = PBXBuildFile; fileRef = D8AE872A1950B86A00FE0AB6 /* AppDelegate.swift */; };
		D8AE872D1950B86A00FE0AB6 /* ViewController.swift in Sources */ = {isa = PBXBuildFile; fileRef = D8AE872C1950B86A00FE0AB6 /* ViewController.swift */; };
		D8AE87301950B86A00FE0AB6 /* Main.storyboard in Resources */ = {isa = PBXBuildFile; fileRef = D8AE872E1950B86A00FE0AB6 /* Main.storyboard */; };
		D8AE87321950B86A00FE0AB6 /* Images.xcassets in Resources */ = {isa = PBXBuildFile; fileRef = D8AE87311950B86A00FE0AB6 /* Images.xcassets */; };
/* End PBXBuildFile section */

/* Begin PBXFileReference section */
		D824A6E01BCEBF7300250B61 /* NSDate+Elapsed.swift */ = {isa = PBXFileReference; fileEncoding = 4; lastKnownFileType = sourcecode.swift; path = "NSDate+Elapsed.swift"; sourceTree = "<group>"; };
		D824A6E11BCEBF7300250B61 /* NSDate+JSON.swift */ = {isa = PBXFileReference; fileEncoding = 4; lastKnownFileType = sourcecode.swift; path = "NSDate+JSON.swift"; sourceTree = "<group>"; };
		D824A6E21BCEBF7300250B61 /* NSDate+Locale.swift */ = {isa = PBXFileReference; fileEncoding = 4; lastKnownFileType = sourcecode.swift; path = "NSDate+Locale.swift"; sourceTree = "<group>"; };
		D824A6E41BCEBF7300250B61 /* UIColor+Hex.swift */ = {isa = PBXFileReference; fileEncoding = 4; lastKnownFileType = sourcecode.swift; path = "UIColor+Hex.swift"; sourceTree = "<group>"; };
		D824A6E51BCEBF7300250B61 /* UIFont+Extension.swift */ = {isa = PBXFileReference; fileEncoding = 4; lastKnownFileType = sourcecode.swift; path = "UIFont+Extension.swift"; sourceTree = "<group>"; };
		D824A6E61BCEBF7300250B61 /* UIImage+Color.swift */ = {isa = PBXFileReference; fileEncoding = 4; lastKnownFileType = sourcecode.swift; path = "UIImage+Color.swift"; sourceTree = "<group>"; };
		D824A6E71BCEBF7300250B61 /* UIImage+Resize.swift */ = {isa = PBXFileReference; fileEncoding = 4; lastKnownFileType = sourcecode.swift; path = "UIImage+Resize.swift"; sourceTree = "<group>"; };
		D824A6E81BCEBF7300250B61 /* UIView+SnapShot.swift */ = {isa = PBXFileReference; fileEncoding = 4; lastKnownFileType = sourcecode.swift; path = "UIView+SnapShot.swift"; sourceTree = "<group>"; };
		D86414A9196A1F980035287B /* puppy-running.png */ = {isa = PBXFileReference; lastKnownFileType = image.png; name = "puppy-running.png"; path = "CommonExtensions_test/puppy-running.png"; sourceTree = SOURCE_ROOT; };
		D8AE87251950B86A00FE0AB6 /* CommonExtensions_test.app */ = {isa = PBXFileReference; explicitFileType = wrapper.application; includeInIndex = 0; path = CommonExtensions_test.app; sourceTree = BUILT_PRODUCTS_DIR; };
		D8AE87291950B86A00FE0AB6 /* Info.plist */ = {isa = PBXFileReference; lastKnownFileType = text.plist.xml; path = Info.plist; sourceTree = "<group>"; };
		D8AE872A1950B86A00FE0AB6 /* AppDelegate.swift */ = {isa = PBXFileReference; lastKnownFileType = sourcecode.swift; path = AppDelegate.swift; sourceTree = "<group>"; };
		D8AE872C1950B86A00FE0AB6 /* ViewController.swift */ = {isa = PBXFileReference; lastKnownFileType = sourcecode.swift; path = ViewController.swift; sourceTree = "<group>"; };
		D8AE872F1950B86A00FE0AB6 /* Base */ = {isa = PBXFileReference; lastKnownFileType = file.storyboard; name = Base; path = Base.lproj/Main.storyboard; sourceTree = "<group>"; };
		D8AE87311950B86A00FE0AB6 /* Images.xcassets */ = {isa = PBXFileReference; lastKnownFileType = folder.assetcatalog; path = Images.xcassets; sourceTree = "<group>"; };
/* End PBXFileReference section */

/* Begin PBXFrameworksBuildPhase section */
		D8AE87221950B86A00FE0AB6 /* Frameworks */ = {
			isa = PBXFrameworksBuildPhase;
			buildActionMask = 2147483647;
			files = (
			);
			runOnlyForDeploymentPostprocessing = 0;
		};
/* End PBXFrameworksBuildPhase section */

/* Begin PBXGroup section */
		D824A6DE1BCEBF7300250B61 /* Source */ = {
			isa = PBXGroup;
			children = (
				D824A6DF1BCEBF7300250B61 /* Core */,
				D824A6E31BCEBF7300250B61 /* UIKit */,
			);
			name = Source;
			path = ../Source;
			sourceTree = "<group>";
		};
		D824A6DF1BCEBF7300250B61 /* Core */ = {
			isa = PBXGroup;
			children = (
				D824A6E01BCEBF7300250B61 /* NSDate+Elapsed.swift */,
				D824A6E11BCEBF7300250B61 /* NSDate+JSON.swift */,
				D824A6E21BCEBF7300250B61 /* NSDate+Locale.swift */,
			);
			path = Core;
			sourceTree = "<group>";
		};
		D824A6E31BCEBF7300250B61 /* UIKit */ = {
			isa = PBXGroup;
			children = (
				D824A6E41BCEBF7300250B61 /* UIColor+Hex.swift */,
				D824A6E51BCEBF7300250B61 /* UIFont+Extension.swift */,
				D824A6E61BCEBF7300250B61 /* UIImage+Color.swift */,
				D824A6E71BCEBF7300250B61 /* UIImage+Resize.swift */,
				D824A6E81BCEBF7300250B61 /* UIView+SnapShot.swift */,
			);
			path = UIKit;
			sourceTree = "<group>";
		};
		D86414A6196A1DDF0035287B /* Resources */ = {
			isa = PBXGroup;
			children = (
				D86414A9196A1F980035287B /* puppy-running.png */,
			);
			name = Resources;
			path = CommonExtensions_test/resources;
			sourceTree = "<group>";
		};
		D8AE871C1950B86A00FE0AB6 = {
			isa = PBXGroup;
			children = (
				D824A6DE1BCEBF7300250B61 /* Source */,
				D8AE87271950B86A00FE0AB6 /* CommonExtensions_test */,
				D86414A6196A1DDF0035287B /* Resources */,
				D8AE87261950B86A00FE0AB6 /* Products */,
			);
			sourceTree = "<group>";
		};
		D8AE87261950B86A00FE0AB6 /* Products */ = {
			isa = PBXGroup;
			children = (
				D8AE87251950B86A00FE0AB6 /* CommonExtensions_test.app */,
			);
			name = Products;
			sourceTree = "<group>";
		};
		D8AE87271950B86A00FE0AB6 /* CommonExtensions_test */ = {
			isa = PBXGroup;
			children = (
				D8AE872A1950B86A00FE0AB6 /* AppDelegate.swift */,
				D8AE872C1950B86A00FE0AB6 /* ViewController.swift */,
				D8AE872E1950B86A00FE0AB6 /* Main.storyboard */,
				D8AE87311950B86A00FE0AB6 /* Images.xcassets */,
				D8AE87281950B86A00FE0AB6 /* Supporting Files */,
			);
			path = CommonExtensions_test;
			sourceTree = "<group>";
		};
		D8AE87281950B86A00FE0AB6 /* Supporting Files */ = {
			isa = PBXGroup;
			children = (
				D8AE87291950B86A00FE0AB6 /* Info.plist */,
			);
			name = "Supporting Files";
			sourceTree = "<group>";
		};
/* End PBXGroup section */

/* Begin PBXNativeTarget section */
		D8AE87241950B86A00FE0AB6 /* CommonExtensions_test */ = {
			isa = PBXNativeTarget;
			buildConfigurationList = D8AE87411950B86A00FE0AB6 /* Build configuration list for PBXNativeTarget "CommonExtensions_test" */;
			buildPhases = (
				D8AE87211950B86A00FE0AB6 /* Sources */,
				D8AE87221950B86A00FE0AB6 /* Frameworks */,
				D8AE87231950B86A00FE0AB6 /* Resources */,
			);
			buildRules = (
			);
			dependencies = (
			);
			name = CommonExtensions_test;
			productName = CommonExtensions_test;
			productReference = D8AE87251950B86A00FE0AB6 /* CommonExtensions_test.app */;
			productType = "com.apple.product-type.application";
		};
/* End PBXNativeTarget section */

/* Begin PBXProject section */
		D8AE871D1950B86A00FE0AB6 /* Project object */ = {
			isa = PBXProject;
			attributes = {
				LastSwiftMigration = 0700;
				LastSwiftUpdateCheck = 0700;
				LastUpgradeCheck = 0700;
				ORGANIZATIONNAME = "Joe Burgess";
				TargetAttributes = {
					D8AE87241950B86A00FE0AB6 = {
						CreatedOnToolsVersion = 6.0;
					};
				};
			};
			buildConfigurationList = D8AE87201950B86A00FE0AB6 /* Build configuration list for PBXProject "CommonExtensions_test" */;
			compatibilityVersion = "Xcode 3.2";
			developmentRegion = English;
			hasScannedForEncodings = 0;
			knownRegions = (
				en,
				Base,
			);
			mainGroup = D8AE871C1950B86A00FE0AB6;
			productRefGroup = D8AE87261950B86A00FE0AB6 /* Products */;
			projectDirPath = "";
			projectRoot = "";
			targets = (
				D8AE87241950B86A00FE0AB6 /* CommonExtensions_test */,
			);
		};
/* End PBXProject section */

/* Begin PBXResourcesBuildPhase section */
		D8AE87231950B86A00FE0AB6 /* Resources */ = {
			isa = PBXResourcesBuildPhase;
			buildActionMask = 2147483647;
			files = (
				D8AE87301950B86A00FE0AB6 /* Main.storyboard in Resources */,
				D8AE87321950B86A00FE0AB6 /* Images.xcassets in Resources */,
				D86414AA196A1F980035287B /* puppy-running.png in Resources */,
			);
			runOnlyForDeploymentPostprocessing = 0;
		};
/* End PBXResourcesBuildPhase section */

/* Begin PBXSourcesBuildPhase section */
		D8AE87211950B86A00FE0AB6 /* Sources */ = {
			isa = PBXSourcesBuildPhase;
			buildActionMask = 2147483647;
			files = (
				D824A6ED1BCEBF7300250B61 /* UIFont+Extension.swift in Sources */,
				D824A6EE1BCEBF7300250B61 /* UIImage+Color.swift in Sources */,
				D824A6EA1BCEBF7300250B61 /* NSDate+JSON.swift in Sources */,
				D824A6E91BCEBF7300250B61 /* NSDate+Elapsed.swift in Sources */,
				D824A6EB1BCEBF7300250B61 /* NSDate+Locale.swift in Sources */,
				D824A6EF1BCEBF7300250B61 /* UIImage+Resize.swift in Sources */,
				D824A6F01BCEBF7300250B61 /* UIView+SnapShot.swift in Sources */,
				D824A6EC1BCEBF7300250B61 /* UIColor+Hex.swift in Sources */,
				D8AE872D1950B86A00FE0AB6 /* ViewController.swift in Sources */,
				D8AE872B1950B86A00FE0AB6 /* AppDelegate.swift in Sources */,
			);
			runOnlyForDeploymentPostprocessing = 0;
		};
/* End PBXSourcesBuildPhase section */

/* Begin PBXVariantGroup section */
		D8AE872E1950B86A00FE0AB6 /* Main.storyboard */ = {
			isa = PBXVariantGroup;
			children = (
				D8AE872F1950B86A00FE0AB6 /* Base */,
			);
			name = Main.storyboard;
			sourceTree = "<group>";
		};
/* End PBXVariantGroup section */

/* Begin XCBuildConfiguration section */
		D8AE873F1950B86A00FE0AB6 /* Debug */ = {
			isa = XCBuildConfiguration;
			buildSettings = {
				ALWAYS_SEARCH_USER_PATHS = NO;
				CLANG_CXX_LANGUAGE_STANDARD = "gnu++0x";
				CLANG_CXX_LIBRARY = "libc++";
				CLANG_ENABLE_MODULES = YES;
				CLANG_ENABLE_OBJC_ARC = YES;
				CLANG_WARN_BOOL_CONVERSION = YES;
				CLANG_WARN_CONSTANT_CONVERSION = YES;
				CLANG_WARN_DIRECT_OBJC_ISA_USAGE = YES_ERROR;
				CLANG_WARN_EMPTY_BODY = YES;
				CLANG_WARN_ENUM_CONVERSION = YES;
				CLANG_WARN_INT_CONVERSION = YES;
				CLANG_WARN_OBJC_ROOT_CLASS = YES_ERROR;
				CLANG_WARN_UNREACHABLE_CODE = YES;
				CLANG_WARN__DUPLICATE_METHOD_MATCH = YES;
				"CODE_SIGN_IDENTITY[sdk=iphoneos*]" = "iPhone Developer";
				COPY_PHASE_STRIP = NO;
				ENABLE_STRICT_OBJC_MSGSEND = YES;
				ENABLE_TESTABILITY = YES;
				GCC_C_LANGUAGE_STANDARD = gnu99;
				GCC_DYNAMIC_NO_PIC = NO;
				GCC_OPTIMIZATION_LEVEL = 0;
				GCC_PREPROCESSOR_DEFINITIONS = (
					"DEBUG=1",
					"$(inherited)",
				);
				GCC_SYMBOLS_PRIVATE_EXTERN = NO;
				GCC_WARN_64_TO_32_BIT_CONVERSION = YES;
				GCC_WARN_ABOUT_RETURN_TYPE = YES_ERROR;
				GCC_WARN_UNDECLARED_SELECTOR = YES;
				GCC_WARN_UNINITIALIZED_AUTOS = YES_AGGRESSIVE;
				GCC_WARN_UNUSED_FUNCTION = YES;
				GCC_WARN_UNUSED_VARIABLE = YES;
				IPHONEOS_DEPLOYMENT_TARGET = 8.0;
				METAL_ENABLE_DEBUG_INFO = YES;
				ONLY_ACTIVE_ARCH = YES;
				SDKROOT = iphoneos;
				SWIFT_OPTIMIZATION_LEVEL = "-Onone";
			};
			name = Debug;
		};
		D8AE87401950B86A00FE0AB6 /* Release */ = {
			isa = XCBuildConfiguration;
			buildSettings = {
				ALWAYS_SEARCH_USER_PATHS = NO;
				CLANG_CXX_LANGUAGE_STANDARD = "gnu++0x";
				CLANG_CXX_LIBRARY = "libc++";
				CLANG_ENABLE_MODULES = YES;
				CLANG_ENABLE_OBJC_ARC = YES;
				CLANG_WARN_BOOL_CONVERSION = YES;
				CLANG_WARN_CONSTANT_CONVERSION = YES;
				CLANG_WARN_DIRECT_OBJC_ISA_USAGE = YES_ERROR;
				CLANG_WARN_EMPTY_BODY = YES;
				CLANG_WARN_ENUM_CONVERSION = YES;
				CLANG_WARN_INT_CONVERSION = YES;
				CLANG_WARN_OBJC_ROOT_CLASS = YES_ERROR;
				CLANG_WARN_UNREACHABLE_CODE = YES;
				CLANG_WARN__DUPLICATE_METHOD_MATCH = YES;
				"CODE_SIGN_IDENTITY[sdk=iphoneos*]" = "iPhone Developer";
				COPY_PHASE_STRIP = YES;
				ENABLE_NS_ASSERTIONS = NO;
				ENABLE_STRICT_OBJC_MSGSEND = YES;
				GCC_C_LANGUAGE_STANDARD = gnu99;
				GCC_WARN_64_TO_32_BIT_CONVERSION = YES;
				GCC_WARN_ABOUT_RETURN_TYPE = YES_ERROR;
				GCC_WARN_UNDECLARED_SELECTOR = YES;
				GCC_WARN_UNINITIALIZED_AUTOS = YES_AGGRESSIVE;
				GCC_WARN_UNUSED_FUNCTION = YES;
				GCC_WARN_UNUSED_VARIABLE = YES;
				IPHONEOS_DEPLOYMENT_TARGET = 8.0;
				METAL_ENABLE_DEBUG_INFO = NO;
				SDKROOT = iphoneos;
				VALIDATE_PRODUCT = YES;
			};
			name = Release;
		};
		D8AE87421950B86A00FE0AB6 /* Debug */ = {
			isa = XCBuildConfiguration;
			buildSettings = {
				ASSETCATALOG_COMPILER_APPICON_NAME = AppIcon;
				ASSETCATALOG_COMPILER_LAUNCHIMAGE_NAME = LaunchImage;
				INFOPLIST_FILE = CommonExtensions_test/Info.plist;
				LD_RUNPATH_SEARCH_PATHS = "$(inherited) @executable_path/Frameworks";
				PRODUCT_BUNDLE_IDENTIFIER = "com.errortype520.${PRODUCT_NAME:rfc1034identifier}";
				PRODUCT_NAME = "$(TARGET_NAME)";
			};
			name = Debug;
		};
		D8AE87431950B86A00FE0AB6 /* Release */ = {
			isa = XCBuildConfiguration;
			buildSettings = {
				ASSETCATALOG_COMPILER_APPICON_NAME = AppIcon;
				ASSETCATALOG_COMPILER_LAUNCHIMAGE_NAME = LaunchImage;
				INFOPLIST_FILE = CommonExtensions_test/Info.plist;
				LD_RUNPATH_SEARCH_PATHS = "$(inherited) @executable_path/Frameworks";
				PRODUCT_BUNDLE_IDENTIFIER = "com.errortype520.${PRODUCT_NAME:rfc1034identifier}";
				PRODUCT_NAME = "$(TARGET_NAME)";
			};
			name = Release;
		};
/* End XCBuildConfiguration section */

/* Begin XCConfigurationList section */
		D8AE87201950B86A00FE0AB6 /* Build configuration list for PBXProject "CommonExtensions_test" */ = {
			isa = XCConfigurationList;
			buildConfigurations = (
				D8AE873F1950B86A00FE0AB6 /* Debug */,
				D8AE87401950B86A00FE0AB6 /* Release */,
			);
			defaultConfigurationIsVisible = 0;
			defaultConfigurationName = Release;
		};
		D8AE87411950B86A00FE0AB6 /* Build configuration list for PBXNativeTarget "CommonExtensions_test" */ = {
			isa = XCConfigurationList;
			buildConfigurations = (
				D8AE87421950B86A00FE0AB6 /* Debug */,
				D8AE87431950B86A00FE0AB6 /* Release */,
			);
			defaultConfigurationIsVisible = 0;
			defaultConfigurationName = Release;
		};
/* End XCConfigurationList section */
	};
	rootObject = D8AE871D1950B86A00FE0AB6 /* Project object */;
}
