// !$*UTF8*$!
{
	archiveVersion = 1;
	classes = {
	};
	objectVersion = 46;
	objects = {

/* Begin PBXBuildFile section */
		D86026841D8B079600F6A046 /* AppDelegate.swift in Sources */ = {isa = PBXBuildFile; fileRef = D86026831D8B079600F6A046 /* AppDelegate.swift */; };
		D86026861D8B079600F6A046 /* ViewController.swift in Sources */ = {isa = PBXBuildFile; fileRef = D86026851D8B079600F6A046 /* ViewController.swift */; };
		D86026891D8B079600F6A046 /* Main.storyboard in Resources */ = {isa = PBXBuildFile; fileRef = D86026871D8B079600F6A046 /* Main.storyboard */; };
		D860268B1D8B079600F6A046 /* Assets.xcassets in Resources */ = {isa = PBXBuildFile; fileRef = D860268A1D8B079600F6A046 /* Assets.xcassets */; };
		D860268E1D8B079600F6A046 /* LaunchScreen.storyboard in Resources */ = {isa = PBXBuildFile; fileRef = D860268C1D8B079600F6A046 /* LaunchScreen.storyboard */; };
		D86026961D8B07B500F6A046 /* puppy-running.png in Resources */ = {isa = PBXBuildFile; fileRef = D86026951D8B07B500F6A046 /* puppy-running.png */; };
		D86026A41D8B07E200F6A046 /* CGFloat+String.swift in Sources */ = {isa = PBXBuildFile; fileRef = D86026991D8B07E200F6A046 /* CGFloat+String.swift */; };
		D86026A51D8B07E200F6A046 /* Date+Elapsed.swift in Sources */ = {isa = PBXBuildFile; fileRef = D860269A1D8B07E200F6A046 /* Date+Elapsed.swift */; };
		D86026A61D8B07E200F6A046 /* Date+JSON.swift in Sources */ = {isa = PBXBuildFile; fileRef = D860269B1D8B07E200F6A046 /* Date+JSON.swift */; };
		D86026A71D8B07E200F6A046 /* Date+Locale.swift in Sources */ = {isa = PBXBuildFile; fileRef = D860269C1D8B07E200F6A046 /* Date+Locale.swift */; };
		D86026A81D8B07E200F6A046 /* String+Extensions.swift in Sources */ = {isa = PBXBuildFile; fileRef = D860269D1D8B07E200F6A046 /* String+Extensions.swift */; };
		D86026A91D8B07E200F6A046 /* UIColor+Hex.swift in Sources */ = {isa = PBXBuildFile; fileRef = D860269F1D8B07E200F6A046 /* UIColor+Hex.swift */; };
		D86026AA1D8B07E200F6A046 /* UIFont+Extension.swift in Sources */ = {isa = PBXBuildFile; fileRef = D86026A01D8B07E200F6A046 /* UIFont+Extension.swift */; };
		D86026AB1D8B07E200F6A046 /* UIImage+Color.swift in Sources */ = {isa = PBXBuildFile; fileRef = D86026A11D8B07E200F6A046 /* UIImage+Color.swift */; };
		D86026AC1D8B07E200F6A046 /* UIImage+Resize.swift in Sources */ = {isa = PBXBuildFile; fileRef = D86026A21D8B07E200F6A046 /* UIImage+Resize.swift */; };
		D86026AD1D8B07E200F6A046 /* UIView+SnapShot.swift in Sources */ = {isa = PBXBuildFile; fileRef = D86026A31D8B07E200F6A046 /* UIView+SnapShot.swift */; };
/* End PBXBuildFile section */

/* Begin PBXFileReference section */
		D86026801D8B079600F6A046 /* CommonExtensions_test.app */ = {isa = PBXFileReference; explicitFileType = wrapper.application; includeInIndex = 0; path = CommonExtensions_test.app; sourceTree = BUILT_PRODUCTS_DIR; };
		D86026831D8B079600F6A046 /* AppDelegate.swift */ = {isa = PBXFileReference; lastKnownFileType = sourcecode.swift; path = AppDelegate.swift; sourceTree = "<group>"; };
		D86026851D8B079600F6A046 /* ViewController.swift */ = {isa = PBXFileReference; lastKnownFileType = sourcecode.swift; path = ViewController.swift; sourceTree = "<group>"; };
		D86026881D8B079600F6A046 /* Base */ = {isa = PBXFileReference; lastKnownFileType = file.storyboard; name = Base; path = Base.lproj/Main.storyboard; sourceTree = "<group>"; };
		D860268A1D8B079600F6A046 /* Assets.xcassets */ = {isa = PBXFileReference; lastKnownFileType = folder.assetcatalog; path = Assets.xcassets; sourceTree = "<group>"; };
		D860268D1D8B079600F6A046 /* Base */ = {isa = PBXFileReference; lastKnownFileType = file.storyboard; name = Base; path = Base.lproj/LaunchScreen.storyboard; sourceTree = "<group>"; };
		D860268F1D8B079600F6A046 /* Info.plist */ = {isa = PBXFileReference; lastKnownFileType = text.plist.xml; path = Info.plist; sourceTree = "<group>"; };
		D86026951D8B07B500F6A046 /* puppy-running.png */ = {isa = PBXFileReference; lastKnownFileType = image.png; path = "puppy-running.png"; sourceTree = "<group>"; };
		D86026991D8B07E200F6A046 /* CGFloat+String.swift */ = {isa = PBXFileReference; fileEncoding = 4; lastKnownFileType = sourcecode.swift; path = "CGFloat+String.swift"; sourceTree = "<group>"; };
		D860269A1D8B07E200F6A046 /* Date+Elapsed.swift */ = {isa = PBXFileReference; fileEncoding = 4; lastKnownFileType = sourcecode.swift; path = "Date+Elapsed.swift"; sourceTree = "<group>"; };
		D860269B1D8B07E200F6A046 /* Date+JSON.swift */ = {isa = PBXFileReference; fileEncoding = 4; lastKnownFileType = sourcecode.swift; path = "Date+JSON.swift"; sourceTree = "<group>"; };
		D860269C1D8B07E200F6A046 /* Date+Locale.swift */ = {isa = PBXFileReference; fileEncoding = 4; lastKnownFileType = sourcecode.swift; path = "Date+Locale.swift"; sourceTree = "<group>"; };
		D860269D1D8B07E200F6A046 /* String+Extensions.swift */ = {isa = PBXFileReference; fileEncoding = 4; lastKnownFileType = sourcecode.swift; path = "String+Extensions.swift"; sourceTree = "<group>"; };
		D860269F1D8B07E200F6A046 /* UIColor+Hex.swift */ = {isa = PBXFileReference; fileEncoding = 4; lastKnownFileType = sourcecode.swift; path = "UIColor+Hex.swift"; sourceTree = "<group>"; };
		D86026A01D8B07E200F6A046 /* UIFont+Extension.swift */ = {isa = PBXFileReference; fileEncoding = 4; lastKnownFileType = sourcecode.swift; path = "UIFont+Extension.swift"; sourceTree = "<group>"; };
		D86026A11D8B07E200F6A046 /* UIImage+Color.swift */ = {isa = PBXFileReference; fileEncoding = 4; lastKnownFileType = sourcecode.swift; path = "UIImage+Color.swift"; sourceTree = "<group>"; };
		D86026A21D8B07E200F6A046 /* UIImage+Resize.swift */ = {isa = PBXFileReference; fileEncoding = 4; lastKnownFileType = sourcecode.swift; path = "UIImage+Resize.swift"; sourceTree = "<group>"; };
		D86026A31D8B07E200F6A046 /* UIView+SnapShot.swift */ = {isa = PBXFileReference; fileEncoding = 4; lastKnownFileType = sourcecode.swift; path = "UIView+SnapShot.swift"; sourceTree = "<group>"; };
/* End PBXFileReference section */

/* Begin PBXFrameworksBuildPhase section */
		D860267D1D8B079600F6A046 /* Frameworks */ = {
			isa = PBXFrameworksBuildPhase;
			buildActionMask = 2147483647;
			files = (
			);
			runOnlyForDeploymentPostprocessing = 0;
		};
/* End PBXFrameworksBuildPhase section */

/* Begin PBXGroup section */
		D86026771D8B079600F6A046 = {
			isa = PBXGroup;
			children = (
				D86026971D8B07E200F6A046 /* Source */,
				D86026821D8B079600F6A046 /* CommonExtensions_test */,
				D86026811D8B079600F6A046 /* Products */,
			);
			sourceTree = "<group>";
		};
		D86026811D8B079600F6A046 /* Products */ = {
			isa = PBXGroup;
			children = (
				D86026801D8B079600F6A046 /* CommonExtensions_test.app */,
			);
			name = Products;
			sourceTree = "<group>";
		};
		D86026821D8B079600F6A046 /* CommonExtensions_test */ = {
			isa = PBXGroup;
			children = (
				D86026831D8B079600F6A046 /* AppDelegate.swift */,
				D86026851D8B079600F6A046 /* ViewController.swift */,
				D86026871D8B079600F6A046 /* Main.storyboard */,
				D860268A1D8B079600F6A046 /* Assets.xcassets */,
				D860268C1D8B079600F6A046 /* LaunchScreen.storyboard */,
				D86026951D8B07B500F6A046 /* puppy-running.png */,
				D860268F1D8B079600F6A046 /* Info.plist */,
			);
			path = CommonExtensions_test;
			sourceTree = "<group>";
		};
		D86026971D8B07E200F6A046 /* Source */ = {
			isa = PBXGroup;
			children = (
				D86026981D8B07E200F6A046 /* Core */,
				D860269E1D8B07E200F6A046 /* UIKit */,
			);
			name = Source;
			path = ../Source;
			sourceTree = "<group>";
		};
		D86026981D8B07E200F6A046 /* Core */ = {
			isa = PBXGroup;
			children = (
				D86026991D8B07E200F6A046 /* CGFloat+String.swift */,
				D860269A1D8B07E200F6A046 /* Date+Elapsed.swift */,
				D860269B1D8B07E200F6A046 /* Date+JSON.swift */,
				D860269C1D8B07E200F6A046 /* Date+Locale.swift */,
				D860269D1D8B07E200F6A046 /* String+Extensions.swift */,
			);
			path = Core;
			sourceTree = "<group>";
		};
		D860269E1D8B07E200F6A046 /* UIKit */ = {
			isa = PBXGroup;
			children = (
				D860269F1D8B07E200F6A046 /* UIColor+Hex.swift */,
				D86026A01D8B07E200F6A046 /* UIFont+Extension.swift */,
				D86026A11D8B07E200F6A046 /* UIImage+Color.swift */,
				D86026A21D8B07E200F6A046 /* UIImage+Resize.swift */,
				D86026A31D8B07E200F6A046 /* UIView+SnapShot.swift */,
			);
			path = UIKit;
			sourceTree = "<group>";
		};
/* End PBXGroup section */

/* Begin PBXNativeTarget section */
		D860267F1D8B079600F6A046 /* CommonExtensions_test */ = {
			isa = PBXNativeTarget;
			buildConfigurationList = D86026921D8B079600F6A046 /* Build configuration list for PBXNativeTarget "CommonExtensions_test" */;
			buildPhases = (
				D860267C1D8B079600F6A046 /* Sources */,
				D860267D1D8B079600F6A046 /* Frameworks */,
				D860267E1D8B079600F6A046 /* Resources */,
			);
			buildRules = (
			);
			dependencies = (
			);
			name = CommonExtensions_test;
			productName = CommonExtensions_test;
			productReference = D86026801D8B079600F6A046 /* CommonExtensions_test.app */;
			productType = "com.apple.product-type.application";
		};
/* End PBXNativeTarget section */

/* Begin PBXProject section */
		D86026781D8B079600F6A046 /* Project object */ = {
			isa = PBXProject;
			attributes = {
				LastSwiftUpdateCheck = 0800;
				LastUpgradeCheck = 0800;
				ORGANIZATIONNAME = "Joe Burgess";
				TargetAttributes = {
					D860267F1D8B079600F6A046 = {
						CreatedOnToolsVersion = 8.0;
						ProvisioningStyle = Automatic;
					};
				};
			};
			buildConfigurationList = D860267B1D8B079600F6A046 /* Build configuration list for PBXProject "CommonExtensions_test" */;
			compatibilityVersion = "Xcode 3.2";
			developmentRegion = English;
			hasScannedForEncodings = 0;
			knownRegions = (
				en,
				Base,
			);
			mainGroup = D86026771D8B079600F6A046;
			productRefGroup = D86026811D8B079600F6A046 /* Products */;
			projectDirPath = "";
			projectRoot = "";
			targets = (
				D860267F1D8B079600F6A046 /* CommonExtensions_test */,
			);
		};
/* End PBXProject section */

/* Begin PBXResourcesBuildPhase section */
		D860267E1D8B079600F6A046 /* Resources */ = {
			isa = PBXResourcesBuildPhase;
			buildActionMask = 2147483647;
			files = (
				D86026961D8B07B500F6A046 /* puppy-running.png in Resources */,
				D860268E1D8B079600F6A046 /* LaunchScreen.storyboard in Resources */,
				D860268B1D8B079600F6A046 /* Assets.xcassets in Resources */,
				D86026891D8B079600F6A046 /* Main.storyboard in Resources */,
			);
			runOnlyForDeploymentPostprocessing = 0;
		};
/* End PBXResourcesBuildPhase section */

/* Begin PBXSourcesBuildPhase section */
		D860267C1D8B079600F6A046 /* Sources */ = {
			isa = PBXSourcesBuildPhase;
			buildActionMask = 2147483647;
			files = (
				D86026A51D8B07E200F6A046 /* Date+Elapsed.swift in Sources */,
				D86026A91D8B07E200F6A046 /* UIColor+Hex.swift in Sources */,
				D86026A81D8B07E200F6A046 /* String+Extensions.swift in Sources */,
				D86026A41D8B07E200F6A046 /* CGFloat+String.swift in Sources */,
				D86026AD1D8B07E200F6A046 /* UIView+SnapShot.swift in Sources */,
				D86026AC1D8B07E200F6A046 /* UIImage+Resize.swift in Sources */,
				D86026A61D8B07E200F6A046 /* Date+JSON.swift in Sources */,
				D86026A71D8B07E200F6A046 /* Date+Locale.swift in Sources */,
				D86026AA1D8B07E200F6A046 /* UIFont+Extension.swift in Sources */,
				D86026AB1D8B07E200F6A046 /* UIImage+Color.swift in Sources */,
				D86026861D8B079600F6A046 /* ViewController.swift in Sources */,
				D86026841D8B079600F6A046 /* AppDelegate.swift in Sources */,
			);
			runOnlyForDeploymentPostprocessing = 0;
		};
/* End PBXSourcesBuildPhase section */

/* Begin PBXVariantGroup section */
		D86026871D8B079600F6A046 /* Main.storyboard */ = {
			isa = PBXVariantGroup;
			children = (
				D86026881D8B079600F6A046 /* Base */,
			);
			name = Main.storyboard;
			sourceTree = "<group>";
		};
		D860268C1D8B079600F6A046 /* LaunchScreen.storyboard */ = {
			isa = PBXVariantGroup;
			children = (
				D860268D1D8B079600F6A046 /* Base */,
			);
			name = LaunchScreen.storyboard;
			sourceTree = "<group>";
		};
/* End PBXVariantGroup section */

/* Begin XCBuildConfiguration section */
		D86026901D8B079600F6A046 /* Debug */ = {
			isa = XCBuildConfiguration;
			buildSettings = {
				ALWAYS_SEARCH_USER_PATHS = NO;
				CLANG_ANALYZER_NONNULL = YES;
				CLANG_CXX_LANGUAGE_STANDARD = "gnu++0x";
				CLANG_CXX_LIBRARY = "libc++";
				CLANG_ENABLE_MODULES = YES;
				CLANG_ENABLE_OBJC_ARC = YES;
				CLANG_WARN_BOOL_CONVERSION = YES;
				CLANG_WARN_CONSTANT_CONVERSION = YES;
				CLANG_WARN_DIRECT_OBJC_ISA_USAGE = YES_ERROR;
				CLANG_WARN_DOCUMENTATION_COMMENTS = YES;
				CLANG_WARN_EMPTY_BODY = YES;
				CLANG_WARN_ENUM_CONVERSION = YES;
				CLANG_WARN_INFINITE_RECURSION = YES;
				CLANG_WARN_INT_CONVERSION = YES;
				CLANG_WARN_OBJC_ROOT_CLASS = YES_ERROR;
				CLANG_WARN_SUSPICIOUS_MOVES = YES;
				CLANG_WARN_UNREACHABLE_CODE = YES;
				CLANG_WARN__DUPLICATE_METHOD_MATCH = YES;
				"CODE_SIGN_IDENTITY[sdk=iphoneos*]" = "iPhone Developer";
				COPY_PHASE_STRIP = NO;
				DEBUG_INFORMATION_FORMAT = dwarf;
				ENABLE_STRICT_OBJC_MSGSEND = YES;
				ENABLE_TESTABILITY = YES;
				GCC_C_LANGUAGE_STANDARD = gnu99;
				GCC_DYNAMIC_NO_PIC = NO;
				GCC_NO_COMMON_BLOCKS = YES;
				GCC_OPTIMIZATION_LEVEL = 0;
				GCC_PREPROCESSOR_DEFINITIONS = (
					"DEBUG=1",
					"$(inherited)",
				);
				GCC_WARN_64_TO_32_BIT_CONVERSION = YES;
				GCC_WARN_ABOUT_RETURN_TYPE = YES_ERROR;
				GCC_WARN_UNDECLARED_SELECTOR = YES;
				GCC_WARN_UNINITIALIZED_AUTOS = YES_AGGRESSIVE;
				GCC_WARN_UNUSED_FUNCTION = YES;
				GCC_WARN_UNUSED_VARIABLE = YES;
				IPHONEOS_DEPLOYMENT_TARGET = 10.0;
				MTL_ENABLE_DEBUG_INFO = YES;
				ONLY_ACTIVE_ARCH = YES;
				SDKROOT = iphoneos;
				SWIFT_ACTIVE_COMPILATION_CONDITIONS = DEBUG;
				SWIFT_OPTIMIZATION_LEVEL = "-Onone";
				TARGETED_DEVICE_FAMILY = "1,2";
			};
			name = Debug;
		};
		D86026911D8B079600F6A046 /* Release */ = {
			isa = XCBuildConfiguration;
			buildSettings = {
				ALWAYS_SEARCH_USER_PATHS = NO;
				CLANG_ANALYZER_NONNULL = YES;
				CLANG_CXX_LANGUAGE_STANDARD = "gnu++0x";
				CLANG_CXX_LIBRARY = "libc++";
				CLANG_ENABLE_MODULES = YES;
				CLANG_ENABLE_OBJC_ARC = YES;
				CLANG_WARN_BOOL_CONVERSION = YES;
				CLANG_WARN_CONSTANT_CONVERSION = YES;
				CLANG_WARN_DIRECT_OBJC_ISA_USAGE = YES_ERROR;
				CLANG_WARN_DOCUMENTATION_COMMENTS = YES;
				CLANG_WARN_EMPTY_BODY = YES;
				CLANG_WARN_ENUM_CONVERSION = YES;
				CLANG_WARN_INFINITE_RECURSION = YES;
				CLANG_WARN_INT_CONVERSION = YES;
				CLANG_WARN_OBJC_ROOT_CLASS = YES_ERROR;
				CLANG_WARN_SUSPICIOUS_MOVES = YES;
				CLANG_WARN_UNREACHABLE_CODE = YES;
				CLANG_WARN__DUPLICATE_METHOD_MATCH = YES;
				"CODE_SIGN_IDENTITY[sdk=iphoneos*]" = "iPhone Developer";
				COPY_PHASE_STRIP = NO;
				DEBUG_INFORMATION_FORMAT = "dwarf-with-dsym";
				ENABLE_NS_ASSERTIONS = NO;
				ENABLE_STRICT_OBJC_MSGSEND = YES;
				GCC_C_LANGUAGE_STANDARD = gnu99;
				GCC_NO_COMMON_BLOCKS = YES;
				GCC_WARN_64_TO_32_BIT_CONVERSION = YES;
				GCC_WARN_ABOUT_RETURN_TYPE = YES_ERROR;
				GCC_WARN_UNDECLARED_SELECTOR = YES;
				GCC_WARN_UNINITIALIZED_AUTOS = YES_AGGRESSIVE;
				GCC_WARN_UNUSED_FUNCTION = YES;
				GCC_WARN_UNUSED_VARIABLE = YES;
				IPHONEOS_DEPLOYMENT_TARGET = 10.0;
				MTL_ENABLE_DEBUG_INFO = NO;
				SDKROOT = iphoneos;
				SWIFT_OPTIMIZATION_LEVEL = "-Owholemodule";
				TARGETED_DEVICE_FAMILY = "1,2";
				VALIDATE_PRODUCT = YES;
			};
			name = Release;
		};
		D86026931D8B079600F6A046 /* Debug */ = {
			isa = XCBuildConfiguration;
			buildSettings = {
				ASSETCATALOG_COMPILER_APPICON_NAME = AppIcon;
				INFOPLIST_FILE = CommonExtensions_test/Info.plist;
				LD_RUNPATH_SEARCH_PATHS = "$(inherited) @executable_path/Frameworks";
				PRODUCT_BUNDLE_IDENTIFIER = "com.errortype.CommonExtensions-test";
				PRODUCT_NAME = "$(TARGET_NAME)";
				SWIFT_VERSION = 3.0;
			};
			name = Debug;
		};
		D86026941D8B079600F6A046 /* Release */ = {
			isa = XCBuildConfiguration;
			buildSettings = {
				ASSETCATALOG_COMPILER_APPICON_NAME = AppIcon;
				INFOPLIST_FILE = CommonExtensions_test/Info.plist;
				LD_RUNPATH_SEARCH_PATHS = "$(inherited) @executable_path/Frameworks";
				PRODUCT_BUNDLE_IDENTIFIER = "com.errortype.CommonExtensions-test";
				PRODUCT_NAME = "$(TARGET_NAME)";
				SWIFT_VERSION = 3.0;
			};
			name = Release;
		};
/* End XCBuildConfiguration section */

/* Begin XCConfigurationList section */
		D860267B1D8B079600F6A046 /* Build configuration list for PBXProject "CommonExtensions_test" */ = {
			isa = XCConfigurationList;
			buildConfigurations = (
				D86026901D8B079600F6A046 /* Debug */,
				D86026911D8B079600F6A046 /* Release */,
			);
			defaultConfigurationIsVisible = 0;
			defaultConfigurationName = Release;
		};
		D86026921D8B079600F6A046 /* Build configuration list for PBXNativeTarget "CommonExtensions_test" */ = {
			isa = XCConfigurationList;
			buildConfigurations = (
				D86026931D8B079600F6A046 /* Debug */,
				D86026941D8B079600F6A046 /* Release */,
			);
			defaultConfigurationIsVisible = 0;
		};
/* End XCConfigurationList section */
	};
	rootObject = D86026781D8B079600F6A046 /* Project object */;
}
